
Microsoft Visual Studio Solution File, Format Version 11.00
# Visual Web Developer Express 2010
Project("{FAE04EC0-301F-11D3-BF4B-00C04F79EFBC}") = "Int", "Int\Int.csproj", "{08C20A55-D6FE-44EB-92D8-A0635B35373A}"
EndProject
Global
	GlobalSection(SolutionConfigurationPlatforms) = preSolution
		Debug|Any CPU = Debug|Any CPU
		Release|Any CPU = Release|Any CPU
	EndGlobalSection
	GlobalSection(ProjectConfigurationPlatforms) = postSolution
		{08C20A55-D6FE-44EB-92D8-A0635B35373A}.Debug|Any CPU.ActiveCfg = Debug|Any CPU
		{08C20A55-D6FE-44EB-92D8-A0635B35373A}.Debug|Any CPU.Build.0 = Debug|Any CPU
		{08C20A55-D6FE-44EB-92D8-A0635B35373A}.Release|Any CPU.ActiveCfg = Release|Any CPU
		{08C20A55-D6FE-44EB-92D8-A0635B35373A}.Release|Any CPU.Build.0 = Release|Any CPU
	EndGlobalSection
	GlobalSection(SolutionProperties) = preSolution
		HideSolutionNode = FALSE
	EndGlobalSection
EndGlobal
